
Microsoft Visual Studio Solution File, Format Version 12.00
# Visual Studio Version 16
VisualStudioVersion = 16.0.32802.440
MinimumVisualStudioVersion = 10.0.40219.1
Project("{FAE04EC0-301F-11D3-BF4B-00C04F79EFBC}") = "FrontEnd", "FrontEnd\FrontEnd.csproj", "{6AB3F7B9-BA1A-4C65-810F-DB9183DA2F8A}"
EndProject
Global
	GlobalSection(SolutionConfigurationPlatforms) = preSolution
		Debug|Any CPU = Debug|Any CPU
		Release|Any CPU = Release|Any CPU
	EndGlobalSection
	GlobalSection(ProjectConfigurationPlatforms) = postSolution
		{6AB3F7B9-BA1A-4C65-810F-DB9183DA2F8A}.Debug|Any CPU.ActiveCfg = Debug|Any CPU
		{6AB3F7B9-BA1A-4C65-810F-DB9183DA2F8A}.Debug|Any CPU.Build.0 = Debug|Any CPU
		{6AB3F7B9-BA1A-4C65-810F-DB9183DA2F8A}.Release|Any CPU.ActiveCfg = Release|Any CPU
		{6AB3F7B9-BA1A-4C65-810F-DB9183DA2F8A}.Release|Any CPU.Build.0 = Release|Any CPU
	EndGlobalSection
	GlobalSection(SolutionProperties) = preSolution
		HideSolutionNode = FALSE
	EndGlobalSection
	GlobalSection(ExtensibilityGlobals) = postSolution
		SolutionGuid = {EB5D746C-52F9-4BD4-9998-FA1FE1F3F7F6}
	EndGlobalSection
EndGlobal
